{
  "version": 4,
  "terraform_version": "1.14.3",
  "serial": 2,
  "lineage": "7a0fdc8e-12b1-02d9-cffb-3a791514ab92",
  "outputs": {
    "docker_network_id": {
      "value": "ddf043e15079b1db225bce6fc74f55f2d4f113d1ed648bac5dc4970021838ffe",
      "type": "string"
    }
  },
  "resources": [
    {
      "mode": "managed",
      "type": "docker_network",
      "name": "assignment_net",
      "provider": "provider[\"registry.terraform.io/kreuzwerker/docker\"]",
      "instances": [
        {
          "schema_version": 1,
          "attributes": {
            "attachable": false,
            "check_duplicate": null,
            "driver": "bridge",
            "id": "ddf043e15079b1db225bce6fc74f55f2d4f113d1ed648bac5dc4970021838ffe",
            "ingress": false,
            "internal": false,
            "ipam_config": [
              {
                "aux_address": {},
                "gateway": "172.20.0.1",
                "ip_range": "",
                "subnet": "172.20.0.0/16"
              }
            ],
            "ipam_driver": "default",
            "ipam_options": null,
            "ipv6": false,
            "labels": [],
            "name": "devops_assignment_net",
            "options": {},
            "scope": "local"
          },
          "sensitive_attributes": [],
          "identity_schema_version": 0,
          "private": "eyJzY2hlbWFfdmVyc2lvbiI6IjEifQ=="
        }
      ]
    }
  ],
  "check_results": null
}
